{
  "name": "printful-storefront-api",
  "version": "1.0.0",
  "lockfileVersion": 2,
  "requires": true,
  "packages": {
    "": {
      "name": "printful-storefront-api",
      "version": "1.0.0",
      "dependencies": {
        "node-fetch": "^2.6.1"
      }
    },
    "node_modules/node-fetch": {
      "version": "2.6.7",
      "resolved": "https://registry.npmjs.org/node-fetch/-/node-fetch-2.6.7.tgz",
      "integrity": "sha512-gS2k4F7PChzHwE90K67cINwFMPzTiznKzX4bBqPl/iTjJ7B5L0/J/6L0sLz/v4P2j/C/J3l/R8B5n3w==",
      "dependencies": {
        "whatwg-fetch": "^0.3.0"
      },
      "deprecated": "Please upgrade to node-fetch@3. A non-major bug fix release on v2 will be provided soon."
    }
  }
}
